
Microsoft Visual Studio Solution File, Format Version 11.00
# Visual Studio 2010
# SharpDevelop 5.1
Project("{FAE04EC0-301F-11D3-BF4B-00C04F79EFBC}") = "JoinLine", "JoinLine\JoinLine.csproj", "{60AFDD9C-DD2C-4E3D-B653-361B4F958230}"
EndProject
Global
	GlobalSection(SolutionConfigurationPlatforms) = preSolution
		Debug|Any CPU = Debug|Any CPU
		Release|Any CPU = Release|Any CPU
	EndGlobalSection
	GlobalSection(ProjectConfigurationPlatforms) = postSolution
		{60AFDD9C-DD2C-4E3D-B653-361B4F958230}.Debug|Any CPU.ActiveCfg = Debug|Any CPU
		{60AFDD9C-DD2C-4E3D-B653-361B4F958230}.Debug|Any CPU.Build.0 = Debug|Any CPU
		{60AFDD9C-DD2C-4E3D-B653-361B4F958230}.Release|Any CPU.ActiveCfg = Release|Any CPU
		{60AFDD9C-DD2C-4E3D-B653-361B4F958230}.Release|Any CPU.Build.0 = Release|Any CPU
	EndGlobalSection
EndGlobal
